
Microsoft Visual Studio Solution File, Format Version 12.00
# Visual Studio Version 17
VisualStudioVersion = 17.14.36121.58
MinimumVisualStudioVersion = 10.0.40219.1
Project("{FAE04EC0-301F-11D3-BF4B-00C04F79EFBC}") = "oop_kurs", "oop_kurs\oop_kurs.csproj", "{A7A39F05-57CD-4856-ADBC-2689CD46C4E3}"
EndProject
Project("{54435603-DBB4-11D2-8724-00A0C9A8B90C}") = "BusPark", "BusPark\BusPark.vdproj", "{505A53A7-4AB8-965B-596F-98BA4527FCDC}"
EndProject
Project("{2150E333-8FDC-42A3-9474-1A3956D46DE8}") = "Элементы решения", "Элементы решения", "{754FC069-D67B-A9D7-50A1-8D1CA196D8F1}"
	ProjectSection(SolutionItems) = preProject
		.gitignore = .gitignore
	EndProjectSection
EndProject
Global
	GlobalSection(SolutionConfigurationPlatforms) = preSolution
		Debug|Any CPU = Debug|Any CPU
		Release|Any CPU = Release|Any CPU
	EndGlobalSection
	GlobalSection(ProjectConfigurationPlatforms) = postSolution
		{A7A39F05-57CD-4856-ADBC-2689CD46C4E3}.Debug|Any CPU.ActiveCfg = Debug|Any CPU
		{A7A39F05-57CD-4856-ADBC-2689CD46C4E3}.Debug|Any CPU.Build.0 = Debug|Any CPU
		{A7A39F05-57CD-4856-ADBC-2689CD46C4E3}.Release|Any CPU.ActiveCfg = Release|Any CPU
		{A7A39F05-57CD-4856-ADBC-2689CD46C4E3}.Release|Any CPU.Build.0 = Release|Any CPU
		{505A53A7-4AB8-965B-596F-98BA4527FCDC}.Debug|Any CPU.ActiveCfg = Debug
		{505A53A7-4AB8-965B-596F-98BA4527FCDC}.Release|Any CPU.ActiveCfg = Release
	EndGlobalSection
	GlobalSection(SolutionProperties) = preSolution
		HideSolutionNode = FALSE
	EndGlobalSection
	GlobalSection(ExtensibilityGlobals) = postSolution
		SolutionGuid = {3C16668B-6716-4738-97FE-E1716F3165D8}
	EndGlobalSection
EndGlobal
